// !$*UTF8*$!
{
	archiveVersion = 1;
	classes = {
	};
	objectVersion = 50;
	objects = {

/* Begin PBXBuildFile section */
		073DD9E524C50B44003F57EB /* AppDelegate.swift in Sources */ = {isa = PBXBuildFile; fileRef = 073DD9E424C50B44003F57EB /* AppDelegate.swift */; };
		073DD9E724C50B44003F57EB /* SceneDelegate.swift in Sources */ = {isa = PBXBuildFile; fileRef = 073DD9E624C50B44003F57EB /* SceneDelegate.swift */; };
		073DD9E924C50B44003F57EB /* ContentView.swift in Sources */ = {isa = PBXBuildFile; fileRef = 073DD9E824C50B44003F57EB /* ContentView.swift */; };
		073DD9EB24C50B45003F57EB /* Assets.xcassets in Resources */ = {isa = PBXBuildFile; fileRef = 073DD9EA24C50B45003F57EB /* Assets.xcassets */; };
		073DD9EE24C50B45003F57EB /* Preview Assets.xcassets in Resources */ = {isa = PBXBuildFile; fileRef = 073DD9ED24C50B45003F57EB /* Preview Assets.xcassets */; };
		073DD9F124C50B45003F57EB /* LaunchScreen.storyboard in Resources */ = {isa = PBXBuildFile; fileRef = 073DD9EF24C50B45003F57EB /* LaunchScreen.storyboard */; };
/* End PBXBuildFile section */

/* Begin PBXFileReference section */
		073DD9E124C50B44003F57EB /* Amir-Ahmed_COMP2125-SEC004_Lab04.app */ = {isa = PBXFileReference; explicitFileType = wrapper.application; includeInIndex = 0; path = "Amir-Ahmed_COMP2125-SEC004_Lab04.app"; sourceTree = BUILT_PRODUCTS_DIR; };
		073DD9E424C50B44003F57EB /* AppDelegate.swift */ = {isa = PBXFileReference; lastKnownFileType = sourcecode.swift; path = AppDelegate.swift; sourceTree = "<group>"; };
		073DD9E624C50B44003F57EB /* SceneDelegate.swift */ = {isa = PBXFileReference; lastKnownFileType = sourcecode.swift; path = SceneDelegate.swift; sourceTree = "<group>"; };
		073DD9E824C50B44003F57EB /* ContentView.swift */ = {isa = PBXFileReference; lastKnownFileType = sourcecode.swift; path = ContentView.swift; sourceTree = "<group>"; };
		073DD9EA24C50B45003F57EB /* Assets.xcassets */ = {isa = PBXFileReference; lastKnownFileType = folder.assetcatalog; path = Assets.xcassets; sourceTree = "<group>"; };
		073DD9ED24C50B45003F57EB /* Preview Assets.xcassets */ = {isa = PBXFileReference; lastKnownFileType = folder.assetcatalog; path = "Preview Assets.xcassets"; sourceTree = "<group>"; };
		073DD9F024C50B45003F57EB /* Base */ = {isa = PBXFileReference; lastKnownFileType = file.storyboard; name = Base; path = Base.lproj/LaunchScreen.storyboard; sourceTree = "<group>"; };
		073DD9F224C50B45003F57EB /* Info.plist */ = {isa = PBXFileReference; lastKnownFileType = text.plist.xml; path = Info.plist; sourceTree = "<group>"; };
/* End PBXFileReference section */

/* Begin PBXFrameworksBuildPhase section */
		073DD9DE24C50B44003F57EB /* Frameworks */ = {
			isa = PBXFrameworksBuildPhase;
			buildActionMask = 2147483647;
			files = (
			);
			runOnlyForDeploymentPostprocessing = 0;
		};
/* End PBXFrameworksBuildPhase section */

/* Begin PBXGroup section */
		073DD9D824C50B44003F57EB = {
			isa = PBXGroup;
			children = (
				073DD9E324C50B44003F57EB /* Amir-Ahmed_COMP2125-SEC004_Lab04 */,
				073DD9E224C50B44003F57EB /* Products */,
			);
			sourceTree = "<group>";
		};
		073DD9E224C50B44003F57EB /* Products */ = {
			isa = PBXGroup;
			children = (
				073DD9E124C50B44003F57EB /* Amir-Ahmed_COMP2125-SEC004_Lab04.app */,
			);
			name = Products;
			sourceTree = "<group>";
		};
		073DD9E324C50B44003F57EB /* Amir-Ahmed_COMP2125-SEC004_Lab04 */ = {
			isa = PBXGroup;
			children = (
				073DD9E424C50B44003F57EB /* AppDelegate.swift */,
				073DD9E624C50B44003F57EB /* SceneDelegate.swift */,
				073DD9E824C50B44003F57EB /* ContentView.swift */,
				073DD9EA24C50B45003F57EB /* Assets.xcassets */,
				073DD9EF24C50B45003F57EB /* LaunchScreen.storyboard */,
				073DD9F224C50B45003F57EB /* Info.plist */,
				073DD9EC24C50B45003F57EB /* Preview Content */,
			);
			path = "Amir-Ahmed_COMP2125-SEC004_Lab04";
			sourceTree = "<group>";
		};
		073DD9EC24C50B45003F57EB /* Preview Content */ = {
			isa = PBXGroup;
			children = (
				073DD9ED24C50B45003F57EB /* Preview Assets.xcassets */,
			);
			path = "Preview Content";
			sourceTree = "<group>";
		};
/* End PBXGroup section */

/* Begin PBXNativeTarget section */
		073DD9E024C50B44003F57EB /* Amir-Ahmed_COMP2125-SEC004_Lab04 */ = {
			isa = PBXNativeTarget;
			buildConfigurationList = 073DD9F524C50B45003F57EB /* Build configuration list for PBXNativeTarget "Amir-Ahmed_COMP2125-SEC004_Lab04" */;
			buildPhases = (
				073DD9DD24C50B44003F57EB /* Sources */,
				073DD9DE24C50B44003F57EB /* Frameworks */,
				073DD9DF24C50B44003F57EB /* Resources */,
			);
			buildRules = (
			);
			dependencies = (
			);
			name = "Amir-Ahmed_COMP2125-SEC004_Lab04";
			productName = "Amir-Ahmed_COMP2125-SEC004_Lab04";
			productReference = 073DD9E124C50B44003F57EB /* Amir-Ahmed_COMP2125-SEC004_Lab04.app */;
			productType = "com.apple.product-type.application";
		};
/* End PBXNativeTarget section */

/* Begin PBXProject section */
		073DD9D924C50B44003F57EB /* Project object */ = {
			isa = PBXProject;
			attributes = {
				LastSwiftUpdateCheck = 1160;
				LastUpgradeCheck = 1160;
				ORGANIZATIONNAME = "Amir Ahmed";
				TargetAttributes = {
					073DD9E024C50B44003F57EB = {
						CreatedOnToolsVersion = 11.6;
					};
				};
			};
			buildConfigurationList = 073DD9DC24C50B44003F57EB /* Build configuration list for PBXProject "Amir-Ahmed_COMP2125-SEC004_Lab04" */;
			compatibilityVersion = "Xcode 9.3";
			developmentRegion = en;
			hasScannedForEncodings = 0;
			knownRegions = (
				en,
				Base,
			);
			mainGroup = 073DD9D824C50B44003F57EB;
			productRefGroup = 073DD9E224C50B44003F57EB /* Products */;
			projectDirPath = "";
			projectRoot = "";
			targets = (
				073DD9E024C50B44003F57EB /* Amir-Ahmed_COMP2125-SEC004_Lab04 */,
			);
		};
/* End PBXProject section */

/* Begin PBXResourcesBuildPhase section */
		073DD9DF24C50B44003F57EB /* Resources */ = {
			isa = PBXResourcesBuildPhase;
			buildActionMask = 2147483647;
			files = (
				073DD9F124C50B45003F57EB /* LaunchScreen.storyboard in Resources */,
				073DD9EE24C50B45003F57EB /* Preview Assets.xcassets in Resources */,
				073DD9EB24C50B45003F57EB /* Assets.xcassets in Resources */,
			);
			runOnlyForDeploymentPostprocessing = 0;
		};
/* End PBXResourcesBuildPhase section */

/* Begin PBXSourcesBuildPhase section */
		073DD9DD24C50B44003F57EB /* Sources */ = {
			isa = PBXSourcesBuildPhase;
			buildActionMask = 2147483647;
			files = (
				073DD9E524C50B44003F57EB /* AppDelegate.swift in Sources */,
				073DD9E724C50B44003F57EB /* SceneDelegate.swift in Sources */,
				073DD9E924C50B44003F57EB /* ContentView.swift in Sources */,
			);
			runOnlyForDeploymentPostprocessing = 0;
		};
/* End PBXSourcesBuildPhase section */

/* Begin PBXVariantGroup section */
		073DD9EF24C50B45003F57EB /* LaunchScreen.storyboard */ = {
			isa = PBXVariantGroup;
			children = (
				073DD9F024C50B45003F57EB /* Base */,
			);
			name = LaunchScreen.storyboard;
			sourceTree = "<group>";
		};
/* End PBXVariantGroup section */

/* Begin XCBuildConfiguration section */
		073DD9F324C50B45003F57EB /* Debug */ = {
			isa = XCBuildConfiguration;
			buildSettings = {
				ALWAYS_SEARCH_USER_PATHS = NO;
				CLANG_ANALYZER_NONNULL = YES;
				CLANG_ANALYZER_NUMBER_OBJECT_CONVERSION = YES_AGGRESSIVE;
				CLANG_CXX_LANGUAGE_STANDARD = "gnu++14";
				CLANG_CXX_LIBRARY = "libc++";
				CLANG_ENABLE_MODULES = YES;
				CLANG_ENABLE_OBJC_ARC = YES;
				CLANG_ENABLE_OBJC_WEAK = YES;
				CLANG_WARN_BLOCK_CAPTURE_AUTORELEASING = YES;
				CLANG_WARN_BOOL_CONVERSION = YES;
				CLANG_WARN_COMMA = YES;
				CLANG_WARN_CONSTANT_CONVERSION = YES;
				CLANG_WARN_DEPRECATED_OBJC_IMPLEMENTATIONS = YES;
				CLANG_WARN_DIRECT_OBJC_ISA_USAGE = YES_ERROR;
				CLANG_WARN_DOCUMENTATION_COMMENTS = YES;
				CLANG_WARN_EMPTY_BODY = YES;
				CLANG_WARN_ENUM_CONVERSION = YES;
				CLANG_WARN_INFINITE_RECURSION = YES;
				CLANG_WARN_INT_CONVERSION = YES;
				CLANG_WARN_NON_LITERAL_NULL_CONVERSION = YES;
				CLANG_WARN_OBJC_IMPLICIT_RETAIN_SELF = YES;
				CLANG_WARN_OBJC_LITERAL_CONVERSION = YES;
				CLANG_WARN_OBJC_ROOT_CLASS = YES_ERROR;
				CLANG_WARN_RANGE_LOOP_ANALYSIS = YES;
				CLANG_WARN_STRICT_PROTOTYPES = YES;
				CLANG_WARN_SUSPICIOUS_MOVE = YES;
				CLANG_WARN_UNGUARDED_AVAILABILITY = YES_AGGRESSIVE;
				CLANG_WARN_UNREACHABLE_CODE = YES;
				CLANG_WARN__DUPLICATE_METHOD_MATCH = YES;
				COPY_PHASE_STRIP = NO;
				DEBUG_INFORMATION_FORMAT = dwarf;
				ENABLE_STRICT_OBJC_MSGSEND = YES;
				ENABLE_TESTABILITY = YES;
				GCC_C_LANGUAGE_STANDARD = gnu11;
				GCC_DYNAMIC_NO_PIC = NO;
				GCC_NO_COMMON_BLOCKS = YES;
				GCC_OPTIMIZATION_LEVEL = 0;
				GCC_PREPROCESSOR_DEFINITIONS = (
					"DEBUG=1",
					"$(inherited)",
				);
				GCC_WARN_64_TO_32_BIT_CONVERSION = YES;
				GCC_WARN_ABOUT_RETURN_TYPE = YES_ERROR;
				GCC_WARN_UNDECLARED_SELECTOR = YES;
				GCC_WARN_UNINITIALIZED_AUTOS = YES_AGGRESSIVE;
				GCC_WARN_UNUSED_FUNCTION = YES;
				GCC_WARN_UNUSED_VARIABLE = YES;
				IPHONEOS_DEPLOYMENT_TARGET = 13.6;
				MTL_ENABLE_DEBUG_INFO = INCLUDE_SOURCE;
				MTL_FAST_MATH = YES;
				ONLY_ACTIVE_ARCH = YES;
				SDKROOT = iphoneos;
				SWIFT_ACTIVE_COMPILATION_CONDITIONS = DEBUG;
				SWIFT_OPTIMIZATION_LEVEL = "-Onone";
			};
			name = Debug;
		};
		073DD9F424C50B45003F57EB /* Release */ = {
			isa = XCBuildConfiguration;
			buildSettings = {
				ALWAYS_SEARCH_USER_PATHS = NO;
				CLANG_ANALYZER_NONNULL = YES;
				CLANG_ANALYZER_NUMBER_OBJECT_CONVERSION = YES_AGGRESSIVE;
				CLANG_CXX_LANGUAGE_STANDARD = "gnu++14";
				CLANG_CXX_LIBRARY = "libc++";
				CLANG_ENABLE_MODULES = YES;
				CLANG_ENABLE_OBJC_ARC = YES;
				CLANG_ENABLE_OBJC_WEAK = YES;
				CLANG_WARN_BLOCK_CAPTURE_AUTORELEASING = YES;
				CLANG_WARN_BOOL_CONVERSION = YES;
				CLANG_WARN_COMMA = YES;
				CLANG_WARN_CONSTANT_CONVERSION = YES;
				CLANG_WARN_DEPRECATED_OBJC_IMPLEMENTATIONS = YES;
				CLANG_WARN_DIRECT_OBJC_ISA_USAGE = YES_ERROR;
				CLANG_WARN_DOCUMENTATION_COMMENTS = YES;
				CLANG_WARN_EMPTY_BODY = YES;
				CLANG_WARN_ENUM_CONVERSION = YES;
				CLANG_WARN_INFINITE_RECURSION = YES;
				CLANG_WARN_INT_CONVERSION = YES;
				CLANG_WARN_NON_LITERAL_NULL_CONVERSION = YES;
				CLANG_WARN_OBJC_IMPLICIT_RETAIN_SELF = YES;
				CLANG_WARN_OBJC_LITERAL_CONVERSION = YES;
				CLANG_WARN_OBJC_ROOT_CLASS = YES_ERROR;
				CLANG_WARN_RANGE_LOOP_ANALYSIS = YES;
				CLANG_WARN_STRICT_PROTOTYPES = YES;
				CLANG_WARN_SUSPICIOUS_MOVE = YES;
				CLANG_WARN_UNGUARDED_AVAILABILITY = YES_AGGRESSIVE;
				CLANG_WARN_UNREACHABLE_CODE = YES;
				CLANG_WARN__DUPLICATE_METHOD_MATCH = YES;
				COPY_PHASE_STRIP = NO;
				DEBUG_INFORMATION_FORMAT = "dwarf-with-dsym";
				ENABLE_NS_ASSERTIONS = NO;
				ENABLE_STRICT_OBJC_MSGSEND = YES;
				GCC_C_LANGUAGE_STANDARD = gnu11;
				GCC_NO_COMMON_BLOCKS = YES;
				GCC_WARN_64_TO_32_BIT_CONVERSION = YES;
				GCC_WARN_ABOUT_RETURN_TYPE = YES_ERROR;
				GCC_WARN_UNDECLARED_SELECTOR = YES;
				GCC_WARN_UNINITIALIZED_AUTOS = YES_AGGRESSIVE;
				GCC_WARN_UNUSED_FUNCTION = YES;
				GCC_WARN_UNUSED_VARIABLE = YES;
				IPHONEOS_DEPLOYMENT_TARGET = 13.6;
				MTL_ENABLE_DEBUG_INFO = NO;
				MTL_FAST_MATH = YES;
				SDKROOT = iphoneos;
				SWIFT_COMPILATION_MODE = wholemodule;
				SWIFT_OPTIMIZATION_LEVEL = "-O";
				VALIDATE_PRODUCT = YES;
			};
			name = Release;
		};
		073DD9F624C50B45003F57EB /* Debug */ = {
			isa = XCBuildConfiguration;
			buildSettings = {
				ASSETCATALOG_COMPILER_APPICON_NAME = AppIcon;
				CODE_SIGN_STYLE = Automatic;
				DEVELOPMENT_ASSET_PATHS = "\"Amir-Ahmed_COMP2125-SEC004_Lab04/Preview Content\"";
				ENABLE_PREVIEWS = YES;
				INFOPLIST_FILE = "Amir-Ahmed_COMP2125-SEC004_Lab04/Info.plist";
				LD_RUNPATH_SEARCH_PATHS = (
					"$(inherited)",
					"@executable_path/Frameworks",
				);
				PRODUCT_BUNDLE_IDENTIFIER = "a.Amir-Ahmed-COMP2125-SEC004-Lab04";
				PRODUCT_NAME = "$(TARGET_NAME)";
				SWIFT_VERSION = 5.0;
				TARGETED_DEVICE_FAMILY = "1,2";
			};
			name = Debug;
		};
		073DD9F724C50B45003F57EB /* Release */ = {
			isa = XCBuildConfiguration;
			buildSettings = {
				ASSETCATALOG_COMPILER_APPICON_NAME = AppIcon;
				CODE_SIGN_STYLE = Automatic;
				DEVELOPMENT_ASSET_PATHS = "\"Amir-Ahmed_COMP2125-SEC004_Lab04/Preview Content\"";
				ENABLE_PREVIEWS = YES;
				INFOPLIST_FILE = "Amir-Ahmed_COMP2125-SEC004_Lab04/Info.plist";
				LD_RUNPATH_SEARCH_PATHS = (
					"$(inherited)",
					"@executable_path/Frameworks",
				);
				PRODUCT_BUNDLE_IDENTIFIER = "a.Amir-Ahmed-COMP2125-SEC004-Lab04";
				PRODUCT_NAME = "$(TARGET_NAME)";
				SWIFT_VERSION = 5.0;
				TARGETED_DEVICE_FAMILY = "1,2";
			};
			name = Release;
		};
/* End XCBuildConfiguration section */

/* Begin XCConfigurationList section */
		073DD9DC24C50B44003F57EB /* Build configuration list for PBXProject "Amir-Ahmed_COMP2125-SEC004_Lab04" */ = {
			isa = XCConfigurationList;
			buildConfigurations = (
				073DD9F324C50B45003F57EB /* Debug */,
				073DD9F424C50B45003F57EB /* Release */,
			);
			defaultConfigurationIsVisible = 0;
			defaultConfigurationName = Release;
		};
		073DD9F524C50B45003F57EB /* Build configuration list for PBXNativeTarget "Amir-Ahmed_COMP2125-SEC004_Lab04" */ = {
			isa = XCConfigurationList;
			buildConfigurations = (
				073DD9F624C50B45003F57EB /* Debug */,
				073DD9F724C50B45003F57EB /* Release */,
			);
			defaultConfigurationIsVisible = 0;
			defaultConfigurationName = Release;
		};
/* End XCConfigurationList section */
	};
	rootObject = 073DD9D924C50B44003F57EB /* Project object */;
}
